
Microsoft Visual Studio Solution File, Format Version 12.00
# Visual Studio Version 16
VisualStudioVersion = 16.0.30907.101
MinimumVisualStudioVersion = 10.0.40219.1
Project("{FAE04EC0-301F-11D3-BF4B-00C04F79EFBC}") = "ParallelTestsPOM", "ParallelTestsPOM.csproj", "{6E62D826-E5DB-4BD8-B708-D7D041D87DB7}"
EndProject
Global
	GlobalSection(SolutionConfigurationPlatforms) = preSolution
		Debug|Any CPU = Debug|Any CPU
		Release|Any CPU = Release|Any CPU
	EndGlobalSection
	GlobalSection(ProjectConfigurationPlatforms) = postSolution
		{6E62D826-E5DB-4BD8-B708-D7D041D87DB7}.Debug|Any CPU.ActiveCfg = Debug|Any CPU
		{6E62D826-E5DB-4BD8-B708-D7D041D87DB7}.Debug|Any CPU.Build.0 = Debug|Any CPU
		{6E62D826-E5DB-4BD8-B708-D7D041D87DB7}.Release|Any CPU.ActiveCfg = Release|Any CPU
		{6E62D826-E5DB-4BD8-B708-D7D041D87DB7}.Release|Any CPU.Build.0 = Release|Any CPU
	EndGlobalSection
	GlobalSection(SolutionProperties) = preSolution
		HideSolutionNode = FALSE
	EndGlobalSection
	GlobalSection(ExtensibilityGlobals) = postSolution
		SolutionGuid = {518A6536-33FB-407D-92C8-98AB6D0E8B5D}
	EndGlobalSection
EndGlobal
